
Microsoft Visual Studio Solution File, Format Version 12.00
# Visual Studio Version 16
VisualStudioVersion = 16.0.32106.194
MinimumVisualStudioVersion = 10.0.40219.1
Project("{FAE04EC0-301F-11D3-BF4B-00C04F79EFBC}") = "EuclidGeometry2D", "EuclidGeometry2D\EuclidGeometry2D.csproj", "{7B806575-250C-411A-888C-04F660BF6A1B}"
EndProject
Project("{FAE04EC0-301F-11D3-BF4B-00C04F79EFBC}") = "GeometryConsoleApp", "GeometryConsoleApp\GeometryConsoleApp.csproj", "{152A6459-FDED-49FC-B793-F84ABBE46C19}"
EndProject
Project("{FAE04EC0-301F-11D3-BF4B-00C04F79EFBC}") = "EuclidGeometry2D.UnitTests", "EuclidGeometry2D.UnitTests\EuclidGeometry2D.UnitTests.csproj", "{CBA35C55-C632-44C3-9A44-F75DF86478EA}"
EndProject
Global
	GlobalSection(SolutionConfigurationPlatforms) = preSolution
		Debug|Any CPU = Debug|Any CPU
		Release|Any CPU = Release|Any CPU
	EndGlobalSection
	GlobalSection(ProjectConfigurationPlatforms) = postSolution
		{7B806575-250C-411A-888C-04F660BF6A1B}.Debug|Any CPU.ActiveCfg = Debug|Any CPU
		{7B806575-250C-411A-888C-04F660BF6A1B}.Debug|Any CPU.Build.0 = Debug|Any CPU
		{7B806575-250C-411A-888C-04F660BF6A1B}.Release|Any CPU.ActiveCfg = Release|Any CPU
		{7B806575-250C-411A-888C-04F660BF6A1B}.Release|Any CPU.Build.0 = Release|Any CPU
		{152A6459-FDED-49FC-B793-F84ABBE46C19}.Debug|Any CPU.ActiveCfg = Debug|Any CPU
		{152A6459-FDED-49FC-B793-F84ABBE46C19}.Debug|Any CPU.Build.0 = Debug|Any CPU
		{152A6459-FDED-49FC-B793-F84ABBE46C19}.Release|Any CPU.ActiveCfg = Release|Any CPU
		{152A6459-FDED-49FC-B793-F84ABBE46C19}.Release|Any CPU.Build.0 = Release|Any CPU
		{CBA35C55-C632-44C3-9A44-F75DF86478EA}.Debug|Any CPU.ActiveCfg = Debug|Any CPU
		{CBA35C55-C632-44C3-9A44-F75DF86478EA}.Debug|Any CPU.Build.0 = Debug|Any CPU
		{CBA35C55-C632-44C3-9A44-F75DF86478EA}.Release|Any CPU.ActiveCfg = Release|Any CPU
		{CBA35C55-C632-44C3-9A44-F75DF86478EA}.Release|Any CPU.Build.0 = Release|Any CPU
	EndGlobalSection
	GlobalSection(SolutionProperties) = preSolution
		HideSolutionNode = FALSE
	EndGlobalSection
	GlobalSection(ExtensibilityGlobals) = postSolution
		SolutionGuid = {EBB0E247-C091-4ACE-A31B-7EDABA513131}
	EndGlobalSection
EndGlobal
