
Microsoft Visual Studio Solution File, Format Version 12.00
# Visual Studio Version 16
VisualStudioVersion = 16.0.31829.152
MinimumVisualStudioVersion = 10.0.40219.1
Project("{FAE04EC0-301F-11D3-BF4B-00C04F79EFBC}") = "FilesAndDirectorits", "FilesAndDirectorits\FilesAndDirectorits.csproj", "{14BC265A-A285-4177-9637-2917B86615E1}"
EndProject
Global
	GlobalSection(SolutionConfigurationPlatforms) = preSolution
		Debug|Any CPU = Debug|Any CPU
		Release|Any CPU = Release|Any CPU
	EndGlobalSection
	GlobalSection(ProjectConfigurationPlatforms) = postSolution
		{14BC265A-A285-4177-9637-2917B86615E1}.Debug|Any CPU.ActiveCfg = Debug|Any CPU
		{14BC265A-A285-4177-9637-2917B86615E1}.Debug|Any CPU.Build.0 = Debug|Any CPU
		{14BC265A-A285-4177-9637-2917B86615E1}.Release|Any CPU.ActiveCfg = Release|Any CPU
		{14BC265A-A285-4177-9637-2917B86615E1}.Release|Any CPU.Build.0 = Release|Any CPU
	EndGlobalSection
	GlobalSection(SolutionProperties) = preSolution
		HideSolutionNode = FALSE
	EndGlobalSection
	GlobalSection(ExtensibilityGlobals) = postSolution
		SolutionGuid = {A3A8C8AF-D91A-49C1-BB1D-6A6FC5DBC53C}
	EndGlobalSection
EndGlobal
